// !$*UTF8*$!
{
	archiveVersion = 1;
	classes = {
	};
	objectVersion = 56;
	objects = {

/* Begin PBXBuildFile section */
		4D1C2CEE2A3B1638001EB016 /* Assets+Extensions.swift in Sources */ = {isa = PBXBuildFile; fileRef = 4D1C2CED2A3B1638001EB016 /* Assets+Extensions.swift */; };
		4D1C2CFA2A3B1808001EB016 /* SKMultilineLabelNode.swift in Sources */ = {isa = PBXBuildFile; fileRef = 4D1C2CF02A3B1808001EB016 /* SKMultilineLabelNode.swift */; };
		4D1C2CFB2A3B1808001EB016 /* Extensions.swift in Sources */ = {isa = PBXBuildFile; fileRef = 4D1C2CF22A3B1808001EB016 /* Extensions.swift */; };
		4D1C2CFC2A3B1808001EB016 /* MagneticView+SwiftUI.swift in Sources */ = {isa = PBXBuildFile; fileRef = 4D1C2CF32A3B1808001EB016 /* MagneticView+SwiftUI.swift */; };
		4D1C2CFE2A3B1808001EB016 /* MagneticView.swift in Sources */ = {isa = PBXBuildFile; fileRef = 4D1C2CF52A3B1808001EB016 /* MagneticView.swift */; };
		4D1C2CFF2A3B1808001EB016 /* Magnetic.swift in Sources */ = {isa = PBXBuildFile; fileRef = 4D1C2CF62A3B1808001EB016 /* Magnetic.swift */; };
		4D1C2D002A3B1808001EB016 /* SKAction+Color.swift in Sources */ = {isa = PBXBuildFile; fileRef = 4D1C2CF72A3B1808001EB016 /* SKAction+Color.swift */; };
		4D1C2D022A3B1808001EB016 /* Node.swift in Sources */ = {isa = PBXBuildFile; fileRef = 4D1C2CF92A3B1808001EB016 /* Node.swift */; };
		4D1C2D3A2A3C7521001EB016 /* ChildNode.swift in Sources */ = {isa = PBXBuildFile; fileRef = 4D1C2D392A3C7521001EB016 /* ChildNode.swift */; };
		4D8732B42A407D9E00A2E169 /* CGRect+Extension.swift in Sources */ = {isa = PBXBuildFile; fileRef = 4D8732B32A407D9E00A2E169 /* CGRect+Extension.swift */; };
		4D8732B62A41C62D00A2E169 /* DataSource.swift in Sources */ = {isa = PBXBuildFile; fileRef = 4D8732B52A41C62D00A2E169 /* DataSource.swift */; };
		4D9B9C462A3B031400BF749D /* AppDelegate.swift in Sources */ = {isa = PBXBuildFile; fileRef = 4D9B9C452A3B031400BF749D /* AppDelegate.swift */; };
		4D9B9C482A3B031400BF749D /* SceneDelegate.swift in Sources */ = {isa = PBXBuildFile; fileRef = 4D9B9C472A3B031400BF749D /* SceneDelegate.swift */; };
		4D9B9C4A2A3B031400BF749D /* ViewController.swift in Sources */ = {isa = PBXBuildFile; fileRef = 4D9B9C492A3B031400BF749D /* ViewController.swift */; };
		4D9B9C4D2A3B031400BF749D /* Main.storyboard in Resources */ = {isa = PBXBuildFile; fileRef = 4D9B9C4B2A3B031400BF749D /* Main.storyboard */; };
		4D9B9C4F2A3B031500BF749D /* Assets.xcassets in Resources */ = {isa = PBXBuildFile; fileRef = 4D9B9C4E2A3B031500BF749D /* Assets.xcassets */; };
		4D9B9C522A3B031500BF749D /* LaunchScreen.storyboard in Resources */ = {isa = PBXBuildFile; fileRef = 4D9B9C502A3B031500BF749D /* LaunchScreen.storyboard */; };
/* End PBXBuildFile section */

/* Begin PBXFileReference section */
		4D1C2CED2A3B1638001EB016 /* Assets+Extensions.swift */ = {isa = PBXFileReference; lastKnownFileType = sourcecode.swift; path = "Assets+Extensions.swift"; sourceTree = "<group>"; };
		4D1C2CF02A3B1808001EB016 /* SKMultilineLabelNode.swift */ = {isa = PBXFileReference; fileEncoding = 4; lastKnownFileType = sourcecode.swift; path = SKMultilineLabelNode.swift; sourceTree = "<group>"; };
		4D1C2CF22A3B1808001EB016 /* Extensions.swift */ = {isa = PBXFileReference; fileEncoding = 4; lastKnownFileType = sourcecode.swift; path = Extensions.swift; sourceTree = "<group>"; };
		4D1C2CF32A3B1808001EB016 /* MagneticView+SwiftUI.swift */ = {isa = PBXFileReference; fileEncoding = 4; lastKnownFileType = sourcecode.swift; path = "MagneticView+SwiftUI.swift"; sourceTree = "<group>"; };
		4D1C2CF52A3B1808001EB016 /* MagneticView.swift */ = {isa = PBXFileReference; fileEncoding = 4; lastKnownFileType = sourcecode.swift; path = MagneticView.swift; sourceTree = "<group>"; };
		4D1C2CF62A3B1808001EB016 /* Magnetic.swift */ = {isa = PBXFileReference; fileEncoding = 4; lastKnownFileType = sourcecode.swift; path = Magnetic.swift; sourceTree = "<group>"; };
		4D1C2CF72A3B1808001EB016 /* SKAction+Color.swift */ = {isa = PBXFileReference; fileEncoding = 4; lastKnownFileType = sourcecode.swift; path = "SKAction+Color.swift"; sourceTree = "<group>"; };
		4D1C2CF92A3B1808001EB016 /* Node.swift */ = {isa = PBXFileReference; fileEncoding = 4; lastKnownFileType = sourcecode.swift; path = Node.swift; sourceTree = "<group>"; };
		4D1C2D392A3C7521001EB016 /* ChildNode.swift */ = {isa = PBXFileReference; lastKnownFileType = sourcecode.swift; path = ChildNode.swift; sourceTree = "<group>"; };
		4D8732B32A407D9E00A2E169 /* CGRect+Extension.swift */ = {isa = PBXFileReference; lastKnownFileType = sourcecode.swift; path = "CGRect+Extension.swift"; sourceTree = "<group>"; };
		4D8732B52A41C62D00A2E169 /* DataSource.swift */ = {isa = PBXFileReference; lastKnownFileType = sourcecode.swift; path = DataSource.swift; sourceTree = "<group>"; };
		4D9B9C422A3B031400BF749D /* CirclesSpriteKit.app */ = {isa = PBXFileReference; explicitFileType = wrapper.application; includeInIndex = 0; path = CirclesSpriteKit.app; sourceTree = BUILT_PRODUCTS_DIR; };
		4D9B9C452A3B031400BF749D /* AppDelegate.swift */ = {isa = PBXFileReference; lastKnownFileType = sourcecode.swift; path = AppDelegate.swift; sourceTree = "<group>"; };
		4D9B9C472A3B031400BF749D /* SceneDelegate.swift */ = {isa = PBXFileReference; lastKnownFileType = sourcecode.swift; path = SceneDelegate.swift; sourceTree = "<group>"; };
		4D9B9C492A3B031400BF749D /* ViewController.swift */ = {isa = PBXFileReference; lastKnownFileType = sourcecode.swift; path = ViewController.swift; sourceTree = "<group>"; };
		4D9B9C4C2A3B031400BF749D /* Base */ = {isa = PBXFileReference; lastKnownFileType = file.storyboard; name = Base; path = Base.lproj/Main.storyboard; sourceTree = "<group>"; };
		4D9B9C4E2A3B031500BF749D /* Assets.xcassets */ = {isa = PBXFileReference; lastKnownFileType = folder.assetcatalog; path = Assets.xcassets; sourceTree = "<group>"; };
		4D9B9C512A3B031500BF749D /* Base */ = {isa = PBXFileReference; lastKnownFileType = file.storyboard; name = Base; path = Base.lproj/LaunchScreen.storyboard; sourceTree = "<group>"; };
		4D9B9C532A3B031500BF749D /* Info.plist */ = {isa = PBXFileReference; lastKnownFileType = text.plist.xml; path = Info.plist; sourceTree = "<group>"; };
/* End PBXFileReference section */

/* Begin PBXFrameworksBuildPhase section */
		4D9B9C3F2A3B031400BF749D /* Frameworks */ = {
			isa = PBXFrameworksBuildPhase;
			buildActionMask = 2147483647;
			files = (
			);
			runOnlyForDeploymentPostprocessing = 0;
		};
/* End PBXFrameworksBuildPhase section */

/* Begin PBXGroup section */
		4D1C2CEF2A3B1808001EB016 /* Sources */ = {
			isa = PBXGroup;
			children = (
				4D8732B22A406C6C00A2E169 /* Extensions */,
				4D8732B12A406C4D00A2E169 /* Nodes */,
				4D1C2CF52A3B1808001EB016 /* MagneticView.swift */,
				4D1C2CF62A3B1808001EB016 /* Magnetic.swift */,
				4D8732B52A41C62D00A2E169 /* DataSource.swift */,
			);
			path = Sources;
			sourceTree = "<group>";
		};
		4D8732B12A406C4D00A2E169 /* Nodes */ = {
			isa = PBXGroup;
			children = (
				4D1C2D392A3C7521001EB016 /* ChildNode.swift */,
				4D1C2CF92A3B1808001EB016 /* Node.swift */,
				4D1C2CF02A3B1808001EB016 /* SKMultilineLabelNode.swift */,
			);
			path = Nodes;
			sourceTree = "<group>";
		};
		4D8732B22A406C6C00A2E169 /* Extensions */ = {
			isa = PBXGroup;
			children = (
				4D1C2CF72A3B1808001EB016 /* SKAction+Color.swift */,
				4D1C2CF22A3B1808001EB016 /* Extensions.swift */,
				4D1C2CF32A3B1808001EB016 /* MagneticView+SwiftUI.swift */,
				4D8732B32A407D9E00A2E169 /* CGRect+Extension.swift */,
			);
			path = Extensions;
			sourceTree = "<group>";
		};
		4D9B9C392A3B031400BF749D = {
			isa = PBXGroup;
			children = (
				4D9B9C442A3B031400BF749D /* CirclesSpriteKit */,
				4D9B9C432A3B031400BF749D /* Products */,
			);
			sourceTree = "<group>";
		};
		4D9B9C432A3B031400BF749D /* Products */ = {
			isa = PBXGroup;
			children = (
				4D9B9C422A3B031400BF749D /* CirclesSpriteKit.app */,
			);
			name = Products;
			sourceTree = "<group>";
		};
		4D9B9C442A3B031400BF749D /* CirclesSpriteKit */ = {
			isa = PBXGroup;
			children = (
				4D9B9C452A3B031400BF749D /* AppDelegate.swift */,
				4D9B9C472A3B031400BF749D /* SceneDelegate.swift */,
				4D9B9C492A3B031400BF749D /* ViewController.swift */,
				4D1C2CEF2A3B1808001EB016 /* Sources */,
				4D9B9C4B2A3B031400BF749D /* Main.storyboard */,
				4D9B9C4E2A3B031500BF749D /* Assets.xcassets */,
				4D9B9C502A3B031500BF749D /* LaunchScreen.storyboard */,
				4D9B9C532A3B031500BF749D /* Info.plist */,
				4D1C2CED2A3B1638001EB016 /* Assets+Extensions.swift */,
			);
			path = CirclesSpriteKit;
			sourceTree = "<group>";
		};
/* End PBXGroup section */

/* Begin PBXNativeTarget section */
		4D9B9C412A3B031400BF749D /* CirclesSpriteKit */ = {
			isa = PBXNativeTarget;
			buildConfigurationList = 4D9B9C562A3B031500BF749D /* Build configuration list for PBXNativeTarget "CirclesSpriteKit" */;
			buildPhases = (
				4D9B9C3E2A3B031400BF749D /* Sources */,
				4D9B9C3F2A3B031400BF749D /* Frameworks */,
				4D9B9C402A3B031400BF749D /* Resources */,
			);
			buildRules = (
			);
			dependencies = (
			);
			name = CirclesSpriteKit;
			packageProductDependencies = (
			);
			productName = CirclesSpriteKit;
			productReference = 4D9B9C422A3B031400BF749D /* CirclesSpriteKit.app */;
			productType = "com.apple.product-type.application";
		};
/* End PBXNativeTarget section */

/* Begin PBXProject section */
		4D9B9C3A2A3B031400BF749D /* Project object */ = {
			isa = PBXProject;
			attributes = {
				BuildIndependentTargetsInParallel = 1;
				LastSwiftUpdateCheck = 1430;
				LastUpgradeCheck = 1430;
				TargetAttributes = {
					4D9B9C412A3B031400BF749D = {
						CreatedOnToolsVersion = 14.3.1;
					};
				};
			};
			buildConfigurationList = 4D9B9C3D2A3B031400BF749D /* Build configuration list for PBXProject "CirclesSpriteKit" */;
			compatibilityVersion = "Xcode 14.0";
			developmentRegion = en;
			hasScannedForEncodings = 0;
			knownRegions = (
				en,
				Base,
			);
			mainGroup = 4D9B9C392A3B031400BF749D;
			packageReferences = (
			);
			productRefGroup = 4D9B9C432A3B031400BF749D /* Products */;
			projectDirPath = "";
			projectRoot = "";
			targets = (
				4D9B9C412A3B031400BF749D /* CirclesSpriteKit */,
			);
		};
/* End PBXProject section */

/* Begin PBXResourcesBuildPhase section */
		4D9B9C402A3B031400BF749D /* Resources */ = {
			isa = PBXResourcesBuildPhase;
			buildActionMask = 2147483647;
			files = (
				4D9B9C522A3B031500BF749D /* LaunchScreen.storyboard in Resources */,
				4D9B9C4F2A3B031500BF749D /* Assets.xcassets in Resources */,
				4D9B9C4D2A3B031400BF749D /* Main.storyboard in Resources */,
			);
			runOnlyForDeploymentPostprocessing = 0;
		};
/* End PBXResourcesBuildPhase section */

/* Begin PBXSourcesBuildPhase section */
		4D9B9C3E2A3B031400BF749D /* Sources */ = {
			isa = PBXSourcesBuildPhase;
			buildActionMask = 2147483647;
			files = (
				4D8732B62A41C62D00A2E169 /* DataSource.swift in Sources */,
				4D1C2CFC2A3B1808001EB016 /* MagneticView+SwiftUI.swift in Sources */,
				4D9B9C4A2A3B031400BF749D /* ViewController.swift in Sources */,
				4D1C2D022A3B1808001EB016 /* Node.swift in Sources */,
				4D1C2CFB2A3B1808001EB016 /* Extensions.swift in Sources */,
				4D8732B42A407D9E00A2E169 /* CGRect+Extension.swift in Sources */,
				4D9B9C462A3B031400BF749D /* AppDelegate.swift in Sources */,
				4D9B9C482A3B031400BF749D /* SceneDelegate.swift in Sources */,
				4D1C2D002A3B1808001EB016 /* SKAction+Color.swift in Sources */,
				4D1C2CEE2A3B1638001EB016 /* Assets+Extensions.swift in Sources */,
				4D1C2D3A2A3C7521001EB016 /* ChildNode.swift in Sources */,
				4D1C2CFA2A3B1808001EB016 /* SKMultilineLabelNode.swift in Sources */,
				4D1C2CFE2A3B1808001EB016 /* MagneticView.swift in Sources */,
				4D1C2CFF2A3B1808001EB016 /* Magnetic.swift in Sources */,
			);
			runOnlyForDeploymentPostprocessing = 0;
		};
/* End PBXSourcesBuildPhase section */

/* Begin PBXVariantGroup section */
		4D9B9C4B2A3B031400BF749D /* Main.storyboard */ = {
			isa = PBXVariantGroup;
			children = (
				4D9B9C4C2A3B031400BF749D /* Base */,
			);
			name = Main.storyboard;
			sourceTree = "<group>";
		};
		4D9B9C502A3B031500BF749D /* LaunchScreen.storyboard */ = {
			isa = PBXVariantGroup;
			children = (
				4D9B9C512A3B031500BF749D /* Base */,
			);
			name = LaunchScreen.storyboard;
			sourceTree = "<group>";
		};
/* End PBXVariantGroup section */

/* Begin XCBuildConfiguration section */
		4D9B9C542A3B031500BF749D /* Debug */ = {
			isa = XCBuildConfiguration;
			buildSettings = {
				ALWAYS_SEARCH_USER_PATHS = NO;
				CLANG_ANALYZER_NONNULL = YES;
				CLANG_ANALYZER_NUMBER_OBJECT_CONVERSION = YES_AGGRESSIVE;
				CLANG_CXX_LANGUAGE_STANDARD = "gnu++20";
				CLANG_ENABLE_MODULES = YES;
				CLANG_ENABLE_OBJC_ARC = YES;
				CLANG_ENABLE_OBJC_WEAK = YES;
				CLANG_WARN_BLOCK_CAPTURE_AUTORELEASING = YES;
				CLANG_WARN_BOOL_CONVERSION = YES;
				CLANG_WARN_COMMA = YES;
				CLANG_WARN_CONSTANT_CONVERSION = YES;
				CLANG_WARN_DEPRECATED_OBJC_IMPLEMENTATIONS = YES;
				CLANG_WARN_DIRECT_OBJC_ISA_USAGE = YES_ERROR;
				CLANG_WARN_DOCUMENTATION_COMMENTS = YES;
				CLANG_WARN_EMPTY_BODY = YES;
				CLANG_WARN_ENUM_CONVERSION = YES;
				CLANG_WARN_INFINITE_RECURSION = YES;
				CLANG_WARN_INT_CONVERSION = YES;
				CLANG_WARN_NON_LITERAL_NULL_CONVERSION = YES;
				CLANG_WARN_OBJC_IMPLICIT_RETAIN_SELF = YES;
				CLANG_WARN_OBJC_LITERAL_CONVERSION = YES;
				CLANG_WARN_OBJC_ROOT_CLASS = YES_ERROR;
				CLANG_WARN_QUOTED_INCLUDE_IN_FRAMEWORK_HEADER = YES;
				CLANG_WARN_RANGE_LOOP_ANALYSIS = YES;
				CLANG_WARN_STRICT_PROTOTYPES = YES;
				CLANG_WARN_SUSPICIOUS_MOVE = YES;
				CLANG_WARN_UNGUARDED_AVAILABILITY = YES_AGGRESSIVE;
				CLANG_WARN_UNREACHABLE_CODE = YES;
				CLANG_WARN__DUPLICATE_METHOD_MATCH = YES;
				COPY_PHASE_STRIP = NO;
				DEBUG_INFORMATION_FORMAT = dwarf;
				ENABLE_STRICT_OBJC_MSGSEND = YES;
				ENABLE_TESTABILITY = YES;
				GCC_C_LANGUAGE_STANDARD = gnu11;
				GCC_DYNAMIC_NO_PIC = NO;
				GCC_NO_COMMON_BLOCKS = YES;
				GCC_OPTIMIZATION_LEVEL = 0;
				GCC_PREPROCESSOR_DEFINITIONS = (
					"DEBUG=1",
					"$(inherited)",
				);
				GCC_WARN_64_TO_32_BIT_CONVERSION = YES;
				GCC_WARN_ABOUT_RETURN_TYPE = YES_ERROR;
				GCC_WARN_UNDECLARED_SELECTOR = YES;
				GCC_WARN_UNINITIALIZED_AUTOS = YES_AGGRESSIVE;
				GCC_WARN_UNUSED_FUNCTION = YES;
				GCC_WARN_UNUSED_VARIABLE = YES;
				IPHONEOS_DEPLOYMENT_TARGET = 16.4;
				MTL_ENABLE_DEBUG_INFO = INCLUDE_SOURCE;
				MTL_FAST_MATH = YES;
				ONLY_ACTIVE_ARCH = YES;
				SDKROOT = iphoneos;
				SWIFT_ACTIVE_COMPILATION_CONDITIONS = DEBUG;
				SWIFT_OPTIMIZATION_LEVEL = "-Onone";
				SWIFT_PRECOMPILE_BRIDGING_HEADER = NO;
			};
			name = Debug;
		};
		4D9B9C552A3B031500BF749D /* Release */ = {
			isa = XCBuildConfiguration;
			buildSettings = {
				ALWAYS_SEARCH_USER_PATHS = NO;
				CLANG_ANALYZER_NONNULL = YES;
				CLANG_ANALYZER_NUMBER_OBJECT_CONVERSION = YES_AGGRESSIVE;
				CLANG_CXX_LANGUAGE_STANDARD = "gnu++20";
				CLANG_ENABLE_MODULES = YES;
				CLANG_ENABLE_OBJC_ARC = YES;
				CLANG_ENABLE_OBJC_WEAK = YES;
				CLANG_WARN_BLOCK_CAPTURE_AUTORELEASING = YES;
				CLANG_WARN_BOOL_CONVERSION = YES;
				CLANG_WARN_COMMA = YES;
				CLANG_WARN_CONSTANT_CONVERSION = YES;
				CLANG_WARN_DEPRECATED_OBJC_IMPLEMENTATIONS = YES;
				CLANG_WARN_DIRECT_OBJC_ISA_USAGE = YES_ERROR;
				CLANG_WARN_DOCUMENTATION_COMMENTS = YES;
				CLANG_WARN_EMPTY_BODY = YES;
				CLANG_WARN_ENUM_CONVERSION = YES;
				CLANG_WARN_INFINITE_RECURSION = YES;
				CLANG_WARN_INT_CONVERSION = YES;
				CLANG_WARN_NON_LITERAL_NULL_CONVERSION = YES;
				CLANG_WARN_OBJC_IMPLICIT_RETAIN_SELF = YES;
				CLANG_WARN_OBJC_LITERAL_CONVERSION = YES;
				CLANG_WARN_OBJC_ROOT_CLASS = YES_ERROR;
				CLANG_WARN_QUOTED_INCLUDE_IN_FRAMEWORK_HEADER = YES;
				CLANG_WARN_RANGE_LOOP_ANALYSIS = YES;
				CLANG_WARN_STRICT_PROTOTYPES = YES;
				CLANG_WARN_SUSPICIOUS_MOVE = YES;
				CLANG_WARN_UNGUARDED_AVAILABILITY = YES_AGGRESSIVE;
				CLANG_WARN_UNREACHABLE_CODE = YES;
				CLANG_WARN__DUPLICATE_METHOD_MATCH = YES;
				COPY_PHASE_STRIP = NO;
				DEBUG_INFORMATION_FORMAT = "dwarf-with-dsym";
				ENABLE_NS_ASSERTIONS = NO;
				ENABLE_STRICT_OBJC_MSGSEND = YES;
				GCC_C_LANGUAGE_STANDARD = gnu11;
				GCC_NO_COMMON_BLOCKS = YES;
				GCC_WARN_64_TO_32_BIT_CONVERSION = YES;
				GCC_WARN_ABOUT_RETURN_TYPE = YES_ERROR;
				GCC_WARN_UNDECLARED_SELECTOR = YES;
				GCC_WARN_UNINITIALIZED_AUTOS = YES_AGGRESSIVE;
				GCC_WARN_UNUSED_FUNCTION = YES;
				GCC_WARN_UNUSED_VARIABLE = YES;
				IPHONEOS_DEPLOYMENT_TARGET = 16.4;
				MTL_ENABLE_DEBUG_INFO = NO;
				MTL_FAST_MATH = YES;
				SDKROOT = iphoneos;
				SWIFT_COMPILATION_MODE = wholemodule;
				SWIFT_OPTIMIZATION_LEVEL = "-O";
				SWIFT_PRECOMPILE_BRIDGING_HEADER = NO;
				VALIDATE_PRODUCT = YES;
			};
			name = Release;
		};
		4D9B9C572A3B031500BF749D /* Debug */ = {
			isa = XCBuildConfiguration;
			buildSettings = {
				ASSETCATALOG_COMPILER_APPICON_NAME = AppIcon;
				ASSETCATALOG_COMPILER_GLOBAL_ACCENT_COLOR_NAME = AccentColor;
				CODE_SIGN_STYLE = Automatic;
				CURRENT_PROJECT_VERSION = 1;
				DEVELOPMENT_TEAM = PAUAXLZDT9;
				GENERATE_INFOPLIST_FILE = YES;
				INFOPLIST_FILE = CirclesSpriteKit/Info.plist;
				INFOPLIST_KEY_UIApplicationSupportsIndirectInputEvents = YES;
				INFOPLIST_KEY_UILaunchStoryboardName = LaunchScreen;
				INFOPLIST_KEY_UIMainStoryboardFile = Main;
				INFOPLIST_KEY_UISupportedInterfaceOrientations_iPad = "UIInterfaceOrientationPortrait UIInterfaceOrientationPortraitUpsideDown UIInterfaceOrientationLandscapeLeft UIInterfaceOrientationLandscapeRight";
				INFOPLIST_KEY_UISupportedInterfaceOrientations_iPhone = "UIInterfaceOrientationPortrait UIInterfaceOrientationLandscapeLeft UIInterfaceOrientationLandscapeRight";
				LD_RUNPATH_SEARCH_PATHS = (
					"$(inherited)",
					"@executable_path/Frameworks",
				);
				MARKETING_VERSION = 1.0;
				PRODUCT_BUNDLE_IDENTIFIER = makarevich.CirclesSpriteKit;
				PRODUCT_NAME = "$(TARGET_NAME)";
				SWIFT_EMIT_LOC_STRINGS = YES;
				SWIFT_VERSION = 5.0;
				TARGETED_DEVICE_FAMILY = "1,2";
			};
			name = Debug;
		};
		4D9B9C582A3B031500BF749D /* Release */ = {
			isa = XCBuildConfiguration;
			buildSettings = {
				ASSETCATALOG_COMPILER_APPICON_NAME = AppIcon;
				ASSETCATALOG_COMPILER_GLOBAL_ACCENT_COLOR_NAME = AccentColor;
				CODE_SIGN_STYLE = Automatic;
				CURRENT_PROJECT_VERSION = 1;
				DEVELOPMENT_TEAM = PAUAXLZDT9;
				GENERATE_INFOPLIST_FILE = YES;
				INFOPLIST_FILE = CirclesSpriteKit/Info.plist;
				INFOPLIST_KEY_UIApplicationSupportsIndirectInputEvents = YES;
				INFOPLIST_KEY_UILaunchStoryboardName = LaunchScreen;
				INFOPLIST_KEY_UIMainStoryboardFile = Main;
				INFOPLIST_KEY_UISupportedInterfaceOrientations_iPad = "UIInterfaceOrientationPortrait UIInterfaceOrientationPortraitUpsideDown UIInterfaceOrientationLandscapeLeft UIInterfaceOrientationLandscapeRight";
				INFOPLIST_KEY_UISupportedInterfaceOrientations_iPhone = "UIInterfaceOrientationPortrait UIInterfaceOrientationLandscapeLeft UIInterfaceOrientationLandscapeRight";
				LD_RUNPATH_SEARCH_PATHS = (
					"$(inherited)",
					"@executable_path/Frameworks",
				);
				MARKETING_VERSION = 1.0;
				PRODUCT_BUNDLE_IDENTIFIER = makarevich.CirclesSpriteKit;
				PRODUCT_NAME = "$(TARGET_NAME)";
				SWIFT_EMIT_LOC_STRINGS = YES;
				SWIFT_VERSION = 5.0;
				TARGETED_DEVICE_FAMILY = "1,2";
			};
			name = Release;
		};
/* End XCBuildConfiguration section */

/* Begin XCConfigurationList section */
		4D9B9C3D2A3B031400BF749D /* Build configuration list for PBXProject "CirclesSpriteKit" */ = {
			isa = XCConfigurationList;
			buildConfigurations = (
				4D9B9C542A3B031500BF749D /* Debug */,
				4D9B9C552A3B031500BF749D /* Release */,
			);
			defaultConfigurationIsVisible = 0;
			defaultConfigurationName = Release;
		};
		4D9B9C562A3B031500BF749D /* Build configuration list for PBXNativeTarget "CirclesSpriteKit" */ = {
			isa = XCConfigurationList;
			buildConfigurations = (
				4D9B9C572A3B031500BF749D /* Debug */,
				4D9B9C582A3B031500BF749D /* Release */,
			);
			defaultConfigurationIsVisible = 0;
			defaultConfigurationName = Release;
		};
/* End XCConfigurationList section */
	};
	rootObject = 4D9B9C3A2A3B031400BF749D /* Project object */;
}
